# This file was autogenerated by Stack.
# You should not edit this file by hand.
# For more information, please see the documentation at:
#   https://docs.haskellstack.org/en/stable/lock_files

packages: []
snapshots:
- completed:
    size: 504512
    url: https://raw.githubusercontent.com/commercialhaskell/stackage-snapshots/master/lts/11/0.yaml
    sha256: 2587f446431d8c77bcb963ca8ff0a839a7b7f77042b5a98901b6b47c61fdd8f8
  original: lts-11.0
